
Microsoft Visual Studio Solution File, Format Version 12.00
# Visual Studio Version 17
VisualStudioVersion = 17.7.34009.444
MinimumVisualStudioVersion = 10.0.40219.1
Project("{FAE04EC0-301F-11D3-BF4B-00C04F79EFBC}") = "App", "App\App.csproj", "{816521C8-3EF8-4223-AFE4-D17FF4234C93}"
EndProject
Project("{FAE04EC0-301F-11D3-BF4B-00C04F79EFBC}") = "UnitTest", "UnitTest\UnitTest.csproj", "{3B07395B-479F-4876-AA38-F2AF3A0EE187}"
EndProject
Global
	GlobalSection(SolutionConfigurationPlatforms) = preSolution
		Debug|Any CPU = Debug|Any CPU
		Release|Any CPU = Release|Any CPU
	EndGlobalSection
	GlobalSection(ProjectConfigurationPlatforms) = postSolution
		{816521C8-3EF8-4223-AFE4-D17FF4234C93}.Debug|Any CPU.ActiveCfg = Debug|Any CPU
		{816521C8-3EF8-4223-AFE4-D17FF4234C93}.Debug|Any CPU.Build.0 = Debug|Any CPU
		{816521C8-3EF8-4223-AFE4-D17FF4234C93}.Release|Any CPU.ActiveCfg = Release|Any CPU
		{816521C8-3EF8-4223-AFE4-D17FF4234C93}.Release|Any CPU.Build.0 = Release|Any CPU
		{3B07395B-479F-4876-AA38-F2AF3A0EE187}.Debug|Any CPU.ActiveCfg = Debug|Any CPU
		{3B07395B-479F-4876-AA38-F2AF3A0EE187}.Debug|Any CPU.Build.0 = Debug|Any CPU
		{3B07395B-479F-4876-AA38-F2AF3A0EE187}.Release|Any CPU.ActiveCfg = Release|Any CPU
		{3B07395B-479F-4876-AA38-F2AF3A0EE187}.Release|Any CPU.Build.0 = Release|Any CPU
	EndGlobalSection
	GlobalSection(SolutionProperties) = preSolution
		HideSolutionNode = FALSE
	EndGlobalSection
	GlobalSection(ExtensibilityGlobals) = postSolution
		SolutionGuid = {04F6915B-7D8B-446A-926F-C3D77DFA70DE}
	EndGlobalSection
EndGlobal
